# This file is automatically @generated by Cargo.
# It is not intended for manual editing.
version = 3

[[package]]
name = "TSPL"
version = "0.0.12"
source = "registry+https://github.com/rust-lang/crates.io-index"
checksum = "52dfd6238b1461b99635b26585a85b4e7b9c786cc0481b3c540ae5f590b6dfb6"
dependencies = [
 "highlight_error",
]

[[package]]
name = "fixpoint-itt"
version = "0.1.0"
dependencies = [
 "TSPL",
 "slotmap",
]

[[package]]
name = "highlight_error"
version = "0.1.1"
source = "registry+https://github.com/rust-lang/crates.io-index"
checksum = "809e18805660d7b6b2e2b9f316a5099521b5998d5cba4dda11b5157a21aaef03"

[[package]]
name = "slotmap"
version = "1.0.7"
source = "registry+https://github.com/rust-lang/crates.io-index"
checksum = "dbff4acf519f630b3a3ddcfaea6c06b42174d9a44bc70c620e9ed1649d58b82a"
dependencies = [
 "version_check",
]

[[package]]
name = "version_check"
version = "0.9.4"
source = "registry+https://github.com/rust-lang/crates.io-index"
checksum = "49874b5167b65d7193b8aba1567f5c7d93d001cafc34600cee003eda787e483f"
